
Microsoft Visual Studio Solution File, Format Version 12.00
# Visual Studio Version 17
VisualStudioVersion = 17.1.32210.238
MinimumVisualStudioVersion = 10.0.40219.1
Project("{FAE04EC0-301F-11D3-BF4B-00C04F79EFBC}") = "burber", "burber\burber.csproj", "{88B4F705-5AF7-4051-BD8A-853201FEDEDD}"
EndProject
Global
	GlobalSection(SolutionConfigurationPlatforms) = preSolution
		Debug|Any CPU = Debug|Any CPU
		Release|Any CPU = Release|Any CPU
	EndGlobalSection
	GlobalSection(ProjectConfigurationPlatforms) = postSolution
		{88B4F705-5AF7-4051-BD8A-853201FEDEDD}.Debug|Any CPU.ActiveCfg = Debug|Any CPU
		{88B4F705-5AF7-4051-BD8A-853201FEDEDD}.Debug|Any CPU.Build.0 = Debug|Any CPU
		{88B4F705-5AF7-4051-BD8A-853201FEDEDD}.Release|Any CPU.ActiveCfg = Release|Any CPU
		{88B4F705-5AF7-4051-BD8A-853201FEDEDD}.Release|Any CPU.Build.0 = Release|Any CPU
	EndGlobalSection
	GlobalSection(SolutionProperties) = preSolution
		HideSolutionNode = FALSE
	EndGlobalSection
	GlobalSection(ExtensibilityGlobals) = postSolution
		SolutionGuid = {D0E09B79-FF1D-4952-A4CF-3F5192542992}
	EndGlobalSection
EndGlobal
